
Microsoft Visual Studio Solution File, Format Version 12.00
# Visual Studio Version 16
Project("{8BC9CEB8-8B4A-11D0-8D11-00A0C91BC942}") = "s2mp-mod", "build\s2mp-mod.vcxproj", "{34596DAC-2026-C8B7-493F-B65F356BFD45}"
EndProject
Project("{2150E333-8FDC-42A3-9474-1A3956D46DE8}") = "Dependencies", "Dependencies", "{53E47842-3FC8-3998-A828-34EB942B241A}"
EndProject
Project("{8BC9CEB8-8B4A-11D0-8D11-00A0C91BC942}") = "asmjit", "asmjit.vcxproj", "{ED0182F2-D9A3-ACC8-C25E-C01CAE9F3319}"
EndProject
Project("{8BC9CEB8-8B4A-11D0-8D11-00A0C91BC942}") = "minhook", "minhook.vcxproj", "{5A9B3AC7-C67A-B962-CF92-44393BF11FC4}"
EndProject
Project("{8BC9CEB8-8B4A-11D0-8D11-00A0C91BC942}") = "xsk-gsc-s2", "xsk-gsc-s2.vcxproj", "{D7C4A4AE-C37C-E6FB-2C84-BF57185B81EC}"
EndProject
Project("{8BC9CEB8-8B4A-11D0-8D11-00A0C91BC942}") = "xsk-gsc-utils", "xsk-gsc-utils.vcxproj", "{83585E48-EF18-DA7E-B853-23FC24D31E5B}"
EndProject
Project("{8BC9CEB8-8B4A-11D0-8D11-00A0C91BC942}") = "zlib", "zlib.vcxproj", "{16CFA17C-0206-A30D-ABF2-881097081F0F}"
EndProject
Global
	GlobalSection(SolutionConfigurationPlatforms) = preSolution
		Debug|x64 = Debug|x64
		Release|x64 = Release|x64
	EndGlobalSection
	GlobalSection(ProjectConfigurationPlatforms) = postSolution
		{34596DAC-2026-C8B7-493F-B65F356BFD45}.Debug|x64.ActiveCfg = Debug|x64
		{34596DAC-2026-C8B7-493F-B65F356BFD45}.Debug|x64.Build.0 = Debug|x64
		{34596DAC-2026-C8B7-493F-B65F356BFD45}.Release|x64.ActiveCfg = Release|x64
		{34596DAC-2026-C8B7-493F-B65F356BFD45}.Release|x64.Build.0 = Release|x64
		{ED0182F2-D9A3-ACC8-C25E-C01CAE9F3319}.Debug|x64.ActiveCfg = Debug|x64
		{ED0182F2-D9A3-ACC8-C25E-C01CAE9F3319}.Debug|x64.Build.0 = Debug|x64
		{ED0182F2-D9A3-ACC8-C25E-C01CAE9F3319}.Release|x64.ActiveCfg = Release|x64
		{ED0182F2-D9A3-ACC8-C25E-C01CAE9F3319}.Release|x64.Build.0 = Release|x64
		{5A9B3AC7-C67A-B962-CF92-44393BF11FC4}.Debug|x64.ActiveCfg = Debug|x64
		{5A9B3AC7-C67A-B962-CF92-44393BF11FC4}.Debug|x64.Build.0 = Debug|x64
		{5A9B3AC7-C67A-B962-CF92-44393BF11FC4}.Release|x64.ActiveCfg = Release|x64
		{5A9B3AC7-C67A-B962-CF92-44393BF11FC4}.Release|x64.Build.0 = Release|x64
		{D7C4A4AE-C37C-E6FB-2C84-BF57185B81EC}.Debug|x64.ActiveCfg = Debug|x64
		{D7C4A4AE-C37C-E6FB-2C84-BF57185B81EC}.Debug|x64.Build.0 = Debug|x64
		{D7C4A4AE-C37C-E6FB-2C84-BF57185B81EC}.Release|x64.ActiveCfg = Release|x64
		{D7C4A4AE-C37C-E6FB-2C84-BF57185B81EC}.Release|x64.Build.0 = Release|x64
		{83585E48-EF18-DA7E-B853-23FC24D31E5B}.Debug|x64.ActiveCfg = Debug|x64
		{83585E48-EF18-DA7E-B853-23FC24D31E5B}.Debug|x64.Build.0 = Debug|x64
		{83585E48-EF18-DA7E-B853-23FC24D31E5B}.Release|x64.ActiveCfg = Release|x64
		{83585E48-EF18-DA7E-B853-23FC24D31E5B}.Release|x64.Build.0 = Release|x64
		{16CFA17C-0206-A30D-ABF2-881097081F0F}.Debug|x64.ActiveCfg = Debug|x64
		{16CFA17C-0206-A30D-ABF2-881097081F0F}.Debug|x64.Build.0 = Debug|x64
		{16CFA17C-0206-A30D-ABF2-881097081F0F}.Release|x64.ActiveCfg = Release|x64
		{16CFA17C-0206-A30D-ABF2-881097081F0F}.Release|x64.Build.0 = Release|x64
	EndGlobalSection
	GlobalSection(SolutionProperties) = preSolution
		HideSolutionNode = FALSE
	EndGlobalSection
	GlobalSection(NestedProjects) = preSolution
		{ED0182F2-D9A3-ACC8-C25E-C01CAE9F3319} = {53E47842-3FC8-3998-A828-34EB942B241A}
		{5A9B3AC7-C67A-B962-CF92-44393BF11FC4} = {53E47842-3FC8-3998-A828-34EB942B241A}
		{D7C4A4AE-C37C-E6FB-2C84-BF57185B81EC} = {53E47842-3FC8-3998-A828-34EB942B241A}
		{83585E48-EF18-DA7E-B853-23FC24D31E5B} = {53E47842-3FC8-3998-A828-34EB942B241A}
		{16CFA17C-0206-A30D-ABF2-881097081F0F} = {53E47842-3FC8-3998-A828-34EB942B241A}
	EndGlobalSection
EndGlobal
